
Microsoft Visual Studio Solution File, Format Version 12.00
# Visual Studio Version 16
VisualStudioVersion = 16.0.30114.105
MinimumVisualStudioVersion = 10.0.40219.1
Project("{9A19103F-16F7-4668-BE54-9A1E7A4F7556}") = "Teronis.MSBuild.Packaging.ProjectBuildInPackage", "src\Teronis.MSBuild.Packaging.ProjectBuildInPackage.csproj", "{2FC0FDEF-3F49-4135-A5CE-0AD7BB01D19D}"
EndProject
Project("{9A19103F-16F7-4668-BE54-9A1E7A4F7556}") = "Teronis.MSBuild.Packaging.ProjectBuildInPackage.Test", "test\0\Teronis.MSBuild.Packaging.ProjectBuildInPackage.Test.csproj", "{EB55D7F3-E44B-435D-8F49-46ECE02AC7A3}"
EndProject
Project("{9A19103F-16F7-4668-BE54-9A1E7A4F7556}") = "Teronis.MSBuild.Packaging.ProjectBuildInPackage.Test.Localization", "test\0.Localization\Teronis.MSBuild.Packaging.ProjectBuildInPackage.Test.Localization.csproj", "{A479D5DB-9776-466D-82CF-6472D393A5D3}"
EndProject
Global
	GlobalSection(SolutionConfigurationPlatforms) = preSolution
		Debug|Any CPU = Debug|Any CPU
		Debug|x64 = Debug|x64
		Debug|x86 = Debug|x86
		Release|Any CPU = Release|Any CPU
		Release|x64 = Release|x64
		Release|x86 = Release|x86
	EndGlobalSection
	GlobalSection(ProjectConfigurationPlatforms) = postSolution
		{2FC0FDEF-3F49-4135-A5CE-0AD7BB01D19D}.Debug|Any CPU.ActiveCfg = Debug|Any CPU
		{2FC0FDEF-3F49-4135-A5CE-0AD7BB01D19D}.Debug|Any CPU.Build.0 = Debug|Any CPU
		{2FC0FDEF-3F49-4135-A5CE-0AD7BB01D19D}.Debug|x64.ActiveCfg = Debug|Any CPU
		{2FC0FDEF-3F49-4135-A5CE-0AD7BB01D19D}.Debug|x64.Build.0 = Debug|Any CPU
		{2FC0FDEF-3F49-4135-A5CE-0AD7BB01D19D}.Debug|x86.ActiveCfg = Debug|Any CPU
		{2FC0FDEF-3F49-4135-A5CE-0AD7BB01D19D}.Debug|x86.Build.0 = Debug|Any CPU
		{2FC0FDEF-3F49-4135-A5CE-0AD7BB01D19D}.Release|Any CPU.ActiveCfg = Release|Any CPU
		{2FC0FDEF-3F49-4135-A5CE-0AD7BB01D19D}.Release|Any CPU.Build.0 = Release|Any CPU
		{2FC0FDEF-3F49-4135-A5CE-0AD7BB01D19D}.Release|x64.ActiveCfg = Release|Any CPU
		{2FC0FDEF-3F49-4135-A5CE-0AD7BB01D19D}.Release|x64.Build.0 = Release|Any CPU
		{2FC0FDEF-3F49-4135-A5CE-0AD7BB01D19D}.Release|x86.ActiveCfg = Release|Any CPU
		{2FC0FDEF-3F49-4135-A5CE-0AD7BB01D19D}.Release|x86.Build.0 = Release|Any CPU
		{EB55D7F3-E44B-435D-8F49-46ECE02AC7A3}.Debug|Any CPU.ActiveCfg = Debug|Any CPU
		{EB55D7F3-E44B-435D-8F49-46ECE02AC7A3}.Debug|Any CPU.Build.0 = Debug|Any CPU
		{EB55D7F3-E44B-435D-8F49-46ECE02AC7A3}.Debug|x64.ActiveCfg = Debug|Any CPU
		{EB55D7F3-E44B-435D-8F49-46ECE02AC7A3}.Debug|x64.Build.0 = Debug|Any CPU
		{EB55D7F3-E44B-435D-8F49-46ECE02AC7A3}.Debug|x86.ActiveCfg = Debug|Any CPU
		{EB55D7F3-E44B-435D-8F49-46ECE02AC7A3}.Debug|x86.Build.0 = Debug|Any CPU
		{EB55D7F3-E44B-435D-8F49-46ECE02AC7A3}.Release|Any CPU.ActiveCfg = Release|Any CPU
		{EB55D7F3-E44B-435D-8F49-46ECE02AC7A3}.Release|Any CPU.Build.0 = Release|Any CPU
		{EB55D7F3-E44B-435D-8F49-46ECE02AC7A3}.Release|x64.ActiveCfg = Release|Any CPU
		{EB55D7F3-E44B-435D-8F49-46ECE02AC7A3}.Release|x64.Build.0 = Release|Any CPU
		{EB55D7F3-E44B-435D-8F49-46ECE02AC7A3}.Release|x86.ActiveCfg = Release|Any CPU
		{EB55D7F3-E44B-435D-8F49-46ECE02AC7A3}.Release|x86.Build.0 = Release|Any CPU
		{A479D5DB-9776-466D-82CF-6472D393A5D3}.Debug|Any CPU.ActiveCfg = Debug|Any CPU
		{A479D5DB-9776-466D-82CF-6472D393A5D3}.Debug|Any CPU.Build.0 = Debug|Any CPU
		{A479D5DB-9776-466D-82CF-6472D393A5D3}.Debug|x64.ActiveCfg = Debug|Any CPU
		{A479D5DB-9776-466D-82CF-6472D393A5D3}.Debug|x64.Build.0 = Debug|Any CPU
		{A479D5DB-9776-466D-82CF-6472D393A5D3}.Debug|x86.ActiveCfg = Debug|Any CPU
		{A479D5DB-9776-466D-82CF-6472D393A5D3}.Debug|x86.Build.0 = Debug|Any CPU
		{A479D5DB-9776-466D-82CF-6472D393A5D3}.Release|Any CPU.ActiveCfg = Release|Any CPU
		{A479D5DB-9776-466D-82CF-6472D393A5D3}.Release|Any CPU.Build.0 = Release|Any CPU
		{A479D5DB-9776-466D-82CF-6472D393A5D3}.Release|x64.ActiveCfg = Release|Any CPU
		{A479D5DB-9776-466D-82CF-6472D393A5D3}.Release|x64.Build.0 = Release|Any CPU
		{A479D5DB-9776-466D-82CF-6472D393A5D3}.Release|x86.ActiveCfg = Release|Any CPU
		{A479D5DB-9776-466D-82CF-6472D393A5D3}.Release|x86.Build.0 = Release|Any CPU
	EndGlobalSection
	GlobalSection(SolutionProperties) = preSolution
		HideSolutionNode = FALSE
	EndGlobalSection
	GlobalSection(ExtensibilityGlobals) = postSolution
		SolutionGuid = {C6BC2C1A-B444-4D70-9920-F196F38BAFCD}
	EndGlobalSection
EndGlobal
